
Microsoft Visual Studio Solution File, Format Version 12.00
# Visual Studio Version 17
VisualStudioVersion = 17.14.36414.22
MinimumVisualStudioVersion = 10.0.40219.1
Project("{FAE04EC0-301F-11D3-BF4B-00C04F79EFBC}") = "MovieApp.Api", "src\MovieApp.Api\MovieApp.Api.csproj", "{B822BF1E-0FAD-4401-8D1A-40E855816D75}"
EndProject
Project("{FAE04EC0-301F-11D3-BF4B-00C04F79EFBC}") = "MovieApp.Core", "src\MovieApp.Core\MovieApp.Core.csproj", "{ABE98633-3F77-4255-9199-B88972810142}"
EndProject
Project("{FAE04EC0-301F-11D3-BF4B-00C04F79EFBC}") = "MovieApp.Application", "src\MovieApp.Application\MovieApp.Application.csproj", "{6A98BCF5-E6CE-EDF4-30EC-4E21306D86F0}"
EndProject
Project("{FAE04EC0-301F-11D3-BF4B-00C04F79EFBC}") = "MovieApp.Infrastructure", "src\MovieApp.Infrastructure\MovieApp.Infrastructure.csproj", "{7E2898BD-4BDC-A75C-DF96-B134B98B5B56}"
EndProject
Project("{FAE04EC0-301F-11D3-BF4B-00C04F79EFBC}") = "MovieApp.Tests", "src\MovieApp.Tests\MovieApp.Tests.csproj", "{545D696E-F6F7-48CC-B9D3-0A1F343281A1}"
EndProject
Global
	GlobalSection(SolutionConfigurationPlatforms) = preSolution
		Debug|Any CPU = Debug|Any CPU
		Release|Any CPU = Release|Any CPU
	EndGlobalSection
	GlobalSection(ProjectConfigurationPlatforms) = postSolution
		{B822BF1E-0FAD-4401-8D1A-40E855816D75}.Debug|Any CPU.ActiveCfg = Debug|Any CPU
		{B822BF1E-0FAD-4401-8D1A-40E855816D75}.Debug|Any CPU.Build.0 = Debug|Any CPU
		{B822BF1E-0FAD-4401-8D1A-40E855816D75}.Release|Any CPU.ActiveCfg = Release|Any CPU
		{B822BF1E-0FAD-4401-8D1A-40E855816D75}.Release|Any CPU.Build.0 = Release|Any CPU
		{ABE98633-3F77-4255-9199-B88972810142}.Debug|Any CPU.ActiveCfg = Debug|Any CPU
		{ABE98633-3F77-4255-9199-B88972810142}.Debug|Any CPU.Build.0 = Debug|Any CPU
		{ABE98633-3F77-4255-9199-B88972810142}.Release|Any CPU.ActiveCfg = Release|Any CPU
		{ABE98633-3F77-4255-9199-B88972810142}.Release|Any CPU.Build.0 = Release|Any CPU
		{6A98BCF5-E6CE-EDF4-30EC-4E21306D86F0}.Debug|Any CPU.ActiveCfg = Debug|Any CPU
		{6A98BCF5-E6CE-EDF4-30EC-4E21306D86F0}.Debug|Any CPU.Build.0 = Debug|Any CPU
		{6A98BCF5-E6CE-EDF4-30EC-4E21306D86F0}.Release|Any CPU.ActiveCfg = Release|Any CPU
		{6A98BCF5-E6CE-EDF4-30EC-4E21306D86F0}.Release|Any CPU.Build.0 = Release|Any CPU
		{7E2898BD-4BDC-A75C-DF96-B134B98B5B56}.Debug|Any CPU.ActiveCfg = Debug|Any CPU
		{7E2898BD-4BDC-A75C-DF96-B134B98B5B56}.Debug|Any CPU.Build.0 = Debug|Any CPU
		{7E2898BD-4BDC-A75C-DF96-B134B98B5B56}.Release|Any CPU.ActiveCfg = Release|Any CPU
		{7E2898BD-4BDC-A75C-DF96-B134B98B5B56}.Release|Any CPU.Build.0 = Release|Any CPU
		{545D696E-F6F7-48CC-B9D3-0A1F343281A1}.Debug|Any CPU.ActiveCfg = Debug|Any CPU
		{545D696E-F6F7-48CC-B9D3-0A1F343281A1}.Debug|Any CPU.Build.0 = Debug|Any CPU
		{545D696E-F6F7-48CC-B9D3-0A1F343281A1}.Release|Any CPU.ActiveCfg = Release|Any CPU
		{545D696E-F6F7-48CC-B9D3-0A1F343281A1}.Release|Any CPU.Build.0 = Release|Any CPU
	EndGlobalSection
	GlobalSection(SolutionProperties) = preSolution
		HideSolutionNode = FALSE
	EndGlobalSection
	GlobalSection(ExtensibilityGlobals) = postSolution
		SolutionGuid = {91CBDCFE-A2C8-4983-B924-58D860BE5018}
	EndGlobalSection
EndGlobal
